
Microsoft Visual Studio Solution File, Format Version 12.00
# Visual Studio Version 17
VisualStudioVersion = 17.6.33815.320
MinimumVisualStudioVersion = 10.0.40219.1
Project("{FAE04EC0-301F-11D3-BF4B-00C04F79EFBC}") = "LibSample", "LibSample\LibSample.csproj", "{2BD8600F-9BD1-4AC0-A704-8BCA59AD3040}"
EndProject
Global
	GlobalSection(SolutionConfigurationPlatforms) = preSolution
		Debug|Any CPU = Debug|Any CPU
		Release|Any CPU = Release|Any CPU
	EndGlobalSection
	GlobalSection(ProjectConfigurationPlatforms) = postSolution
		{2BD8600F-9BD1-4AC0-A704-8BCA59AD3040}.Debug|Any CPU.ActiveCfg = Debug|Any CPU
		{2BD8600F-9BD1-4AC0-A704-8BCA59AD3040}.Debug|Any CPU.Build.0 = Debug|Any CPU
		{2BD8600F-9BD1-4AC0-A704-8BCA59AD3040}.Release|Any CPU.ActiveCfg = Release|Any CPU
		{2BD8600F-9BD1-4AC0-A704-8BCA59AD3040}.Release|Any CPU.Build.0 = Release|Any CPU
	EndGlobalSection
	GlobalSection(SolutionProperties) = preSolution
		HideSolutionNode = FALSE
	EndGlobalSection
	GlobalSection(ExtensibilityGlobals) = postSolution
		SolutionGuid = {79F2F9AB-99CF-461A-A237-5E5DBD7729C1}
	EndGlobalSection
EndGlobal
